PODS:
  - Alamofire (4.8.1)
  - Kingfisher (5.2.0)

DEPENDENCIES:
  - Alamofire (~> 4.8.1)
  - Kingfisher (~> 5.2.0)

SPEC REPOS:
  https://github.com/CocoaPods/Specs.git:
    - Alamofire
    - Kingfisher

SPEC CHECKSUMS:
  Alamofire: 16ce2c353fb72865124ddae8a57c5942388f4f11
  Kingfisher: 07067cfacf371117330dceb4b4b8f5c4b691ab42

PODFILE CHECKSUM: 0cddb69b22c9a1987127d5133d7e915e7b5a8d56

COCOAPODS: 1.5.0
